// !$*UTF8*$!
{
	archiveVersion = 1;
	classes = {
	};
	objectVersion = 46;
	objects = {

/* Begin PBXBuildFile section */
		083400661BE3785C007F096D /* PhotosCoreData.xcdatamodeld in Sources */ = {isa = PBXBuildFile; fileRef = 083400641BE3785C007F096D /* PhotosCoreData.xcdatamodeld */; };
		0834006B1BE37C93007F096D /* ThumbnailMO+CoreDataProperties.swift in Sources */ = {isa = PBXBuildFile; fileRef = 083400671BE37C93007F096D /* ThumbnailMO+CoreDataProperties.swift */; };
		0834006C1BE37C93007F096D /* ThumbnailMO.swift in Sources */ = {isa = PBXBuildFile; fileRef = 083400681BE37C93007F096D /* ThumbnailMO.swift */; };
		0834006D1BE37C93007F096D /* PhotoMO+CoreDataProperties.swift in Sources */ = {isa = PBXBuildFile; fileRef = 083400691BE37C93007F096D /* PhotoMO+CoreDataProperties.swift */; };
		0834006E1BE37C93007F096D /* PhotoMO.swift in Sources */ = {isa = PBXBuildFile; fileRef = 0834006A1BE37C93007F096D /* PhotoMO.swift */; };
		0834EE1E1BDE138400A5D413 /* AppDelegate.swift in Sources */ = {isa = PBXBuildFile; fileRef = 0834EE1D1BDE138400A5D413 /* AppDelegate.swift */; };
		0834EE201BDE138400A5D413 /* ViewController.swift in Sources */ = {isa = PBXBuildFile; fileRef = 0834EE1F1BDE138400A5D413 /* ViewController.swift */; };
		0834EE231BDE138400A5D413 /* Main.storyboard in Resources */ = {isa = PBXBuildFile; fileRef = 0834EE211BDE138400A5D413 /* Main.storyboard */; };
		0834EE251BDE138400A5D413 /* Assets.xcassets in Resources */ = {isa = PBXBuildFile; fileRef = 0834EE241BDE138400A5D413 /* Assets.xcassets */; };
		0834EE281BDE138400A5D413 /* LaunchScreen.storyboard in Resources */ = {isa = PBXBuildFile; fileRef = 0834EE261BDE138400A5D413 /* LaunchScreen.storyboard */; };
		0834EE331BDE138400A5D413 /* PortfolioTests.swift in Sources */ = {isa = PBXBuildFile; fileRef = 0834EE321BDE138400A5D413 /* PortfolioTests.swift */; };
		08463C311BE3CC5C006A9DEF /* DataController.swift in Sources */ = {isa = PBXBuildFile; fileRef = 08463C301BE3CC5C006A9DEF /* DataController.swift */; };
		08608FAB1BF4C98F0032CE0C /* UserDefaultsEnum.swift in Sources */ = {isa = PBXBuildFile; fileRef = 08608FAA1BF4C98F0032CE0C /* UserDefaultsEnum.swift */; };
		087AD0511BF3E06E00F67B29 /* MapViewController.swift in Sources */ = {isa = PBXBuildFile; fileRef = 087AD0501BF3E06E00F67B29 /* MapViewController.swift */; };
		088EDCEB1BE7EACD006311D3 /* ThumbnailSizeEnum.swift in Sources */ = {isa = PBXBuildFile; fileRef = 088EDCEA1BE7EACD006311D3 /* ThumbnailSizeEnum.swift */; };
		089C159F1BF3AA3A00A7B1CD /* PortfolioPageViewController.swift in Sources */ = {isa = PBXBuildFile; fileRef = 089C159E1BF3AA3A00A7B1CD /* PortfolioPageViewController.swift */; };
		08AC6ED21BDE191300DBEBEC /* PhotoModel.swift in Sources */ = {isa = PBXBuildFile; fileRef = 08AC6ED11BDE191300DBEBEC /* PhotoModel.swift */; };
		08AC6ED41BDE1C5500DBEBEC /* ThumbnailModel.swift in Sources */ = {isa = PBXBuildFile; fileRef = 08AC6ED31BDE1C5500DBEBEC /* ThumbnailModel.swift */; };
		08B724D21BDF5E1000654E04 /* PhotoDownloader.swift in Sources */ = {isa = PBXBuildFile; fileRef = 08B724D11BDF5E1000654E04 /* PhotoDownloader.swift */; };
		08B724D51BDF64E000654E04 /* Config.swift in Sources */ = {isa = PBXBuildFile; fileRef = 08B724D41BDF64E000654E04 /* Config.swift */; };
		08B724D91BDF6ADF00654E04 /* Config.swift.txt in Resources */ = {isa = PBXBuildFile; fileRef = 08B724D81BDF6ADF00654E04 /* Config.swift.txt */; };
		08B7C7481BE65D7E003E0D58 /* PhotoDetailViewController.swift in Sources */ = {isa = PBXBuildFile; fileRef = 08B7C7471BE65D7E003E0D58 /* PhotoDetailViewController.swift */; };
		08E3CC491BE23F8A00BF0B54 /* PhotoTableViewCell.swift in Sources */ = {isa = PBXBuildFile; fileRef = 08E3CC481BE23F8A00BF0B54 /* PhotoTableViewCell.swift */; };
		08E3CC4B1BE241ED00BF0B54 /* PhotoTableViewController.swift in Sources */ = {isa = PBXBuildFile; fileRef = 08E3CC4A1BE241ED00BF0B54 /* PhotoTableViewController.swift */; };
		75F315D118E2BD65C55AE2E3 /* Pods.framework in Frameworks */ = {isa = PBXBuildFile; fileRef = 0CAAAE33C57B38F9193831BA /* Pods.framework */; };
/* End PBXBuildFile section */

/* Begin PBXContainerItemProxy section */
		0834EE2F1BDE138400A5D413 /* PBXContainerItemProxy */ = {
			isa = PBXContainerItemProxy;
			containerPortal = 0834EE121BDE138400A5D413 /* Project object */;
			proxyType = 1;
			remoteGlobalIDString = 0834EE191BDE138400A5D413;
			remoteInfo = Portfolio;
		};
/* End PBXContainerItemProxy section */

/* Begin PBXFileReference section */
		083400651BE3785C007F096D /* PhotosCoreData.xcdatamodel */ = {isa = PBXFileReference; lastKnownFileType = wrapper.xcdatamodel; path = PhotosCoreData.xcdatamodel; sourceTree = "<group>"; };
		083400671BE37C93007F096D /* ThumbnailMO+CoreDataProperties.swift */ = {isa = PBXFileReference; fileEncoding = 4; lastKnownFileType = sourcecode.swift; path = "ThumbnailMO+CoreDataProperties.swift"; sourceTree = "<group>"; };
		083400681BE37C93007F096D /* ThumbnailMO.swift */ = {isa = PBXFileReference; fileEncoding = 4; lastKnownFileType = sourcecode.swift; path = ThumbnailMO.swift; sourceTree = "<group>"; };
		083400691BE37C93007F096D /* PhotoMO+CoreDataProperties.swift */ = {isa = PBXFileReference; fileEncoding = 4; lastKnownFileType = sourcecode.swift; path = "PhotoMO+CoreDataProperties.swift"; sourceTree = "<group>"; };
		0834006A1BE37C93007F096D /* PhotoMO.swift */ = {isa = PBXFileReference; fileEncoding = 4; lastKnownFileType = sourcecode.swift; path = PhotoMO.swift; sourceTree = "<group>"; };
		0834EE1A1BDE138400A5D413 /* just Radovan.app */ = {isa = PBXFileReference; explicitFileType = wrapper.application; includeInIndex = 0; path = "just Radovan.app"; sourceTree = BUILT_PRODUCTS_DIR; };
		0834EE1D1BDE138400A5D413 /* AppDelegate.swift */ = {isa = PBXFileReference; lastKnownFileType = sourcecode.swift; path = AppDelegate.swift; sourceTree = "<group>"; };
		0834EE1F1BDE138400A5D413 /* ViewController.swift */ = {isa = PBXFileReference; lastKnownFileType = sourcecode.swift; path = ViewController.swift; sourceTree = "<group>"; };
		0834EE221BDE138400A5D413 /* Base */ = {isa = PBXFileReference; lastKnownFileType = file.storyboard; name = Base; path = Base.lproj/Main.storyboard; sourceTree = "<group>"; };
		0834EE241BDE138400A5D413 /* Assets.xcassets */ = {isa = PBXFileReference; lastKnownFileType = folder.assetcatalog; path = Assets.xcassets; sourceTree = "<group>"; };
		0834EE271BDE138400A5D413 /* Base */ = {isa = PBXFileReference; lastKnownFileType = file.storyboard; name = Base; path = Base.lproj/LaunchScreen.storyboard; sourceTree = "<group>"; };
		0834EE291BDE138400A5D413 /* Info.plist */ = {isa = PBXFileReference; lastKnownFileType = text.plist.xml; path = Info.plist; sourceTree = "<group>"; };
		0834EE2E1BDE138400A5D413 /* just Radovan.xctest */ = {isa = PBXFileReference; explicitFileType = wrapper.cfbundle; includeInIndex = 0; path = "just Radovan.xctest"; sourceTree = BUILT_PRODUCTS_DIR; };
		0834EE321BDE138400A5D413 /* PortfolioTests.swift */ = {isa = PBXFileReference; lastKnownFileType = sourcecode.swift; path = PortfolioTests.swift; sourceTree = "<group>"; };
		0834EE341BDE138400A5D413 /* Info.plist */ = {isa = PBXFileReference; lastKnownFileType = text.plist.xml; path = Info.plist; sourceTree = "<group>"; };
		08463C301BE3CC5C006A9DEF /* DataController.swift */ = {isa = PBXFileReference; fileEncoding = 4; lastKnownFileType = sourcecode.swift; path = DataController.swift; sourceTree = "<group>"; };
		08608FAA1BF4C98F0032CE0C /* UserDefaultsEnum.swift */ = {isa = PBXFileReference; fileEncoding = 4; lastKnownFileType = sourcecode.swift; path = UserDefaultsEnum.swift; sourceTree = "<group>"; };
		087AD0501BF3E06E00F67B29 /* MapViewController.swift */ = {isa = PBXFileReference; fileEncoding = 4; lastKnownFileType = sourcecode.swift; path = MapViewController.swift; sourceTree = "<group>"; };
		088EDCEA1BE7EACD006311D3 /* ThumbnailSizeEnum.swift */ = {isa = PBXFileReference; fileEncoding = 4; lastKnownFileType = sourcecode.swift; path = ThumbnailSizeEnum.swift; sourceTree = "<group>"; };
		089C159E1BF3AA3A00A7B1CD /* PortfolioPageViewController.swift */ = {isa = PBXFileReference; fileEncoding = 4; lastKnownFileType = sourcecode.swift; path = PortfolioPageViewController.swift; sourceTree = "<group>"; };
		08AC6ED11BDE191300DBEBEC /* PhotoModel.swift */ = {isa = PBXFileReference; fileEncoding = 4; lastKnownFileType = sourcecode.swift; path = PhotoModel.swift; sourceTree = "<group>"; };
		08AC6ED31BDE1C5500DBEBEC /* ThumbnailModel.swift */ = {isa = PBXFileReference; fileEncoding = 4; lastKnownFileType = sourcecode.swift; path = ThumbnailModel.swift; sourceTree = "<group>"; };
		08B724D11BDF5E1000654E04 /* PhotoDownloader.swift */ = {isa = PBXFileReference; fileEncoding = 4; lastKnownFileType = sourcecode.swift; path = PhotoDownloader.swift; sourceTree = "<group>"; };
		08B724D41BDF64E000654E04 /* Config.swift */ = {isa = PBXFileReference; fileEncoding = 4; lastKnownFileType = sourcecode.swift; path = Config.swift; sourceTree = "<group>"; };
		08B724D81BDF6ADF00654E04 /* Config.swift.txt */ = {isa = PBXFileReference; fileEncoding = 4; lastKnownFileType = text; path = Config.swift.txt; sourceTree = "<group>"; };
		08B7C7471BE65D7E003E0D58 /* PhotoDetailViewController.swift */ = {isa = PBXFileReference; fileEncoding = 4; lastKnownFileType = sourcecode.swift; path = PhotoDetailViewController.swift; sourceTree = "<group>"; };
		08E3CC481BE23F8A00BF0B54 /* PhotoTableViewCell.swift */ = {isa = PBXFileReference; fileEncoding = 4; lastKnownFileType = sourcecode.swift; path = PhotoTableViewCell.swift; sourceTree = "<group>"; };
		08E3CC4A1BE241ED00BF0B54 /* PhotoTableViewController.swift */ = {isa = PBXFileReference; fileEncoding = 4; lastKnownFileType = sourcecode.swift; path = PhotoTableViewController.swift; sourceTree = "<group>"; };
		0CAAAE33C57B38F9193831BA /* Pods.framework */ = {isa = PBXFileReference; explicitFileType = wrapper.framework; includeInIndex = 0; path = Pods.framework; sourceTree = BUILT_PRODUCTS_DIR; };
		33FD8B1408B7F3A071465777 /* Pods.debug.xcconfig */ = {isa = PBXFileReference; includeInIndex = 1; lastKnownFileType = text.xcconfig; name = Pods.debug.xcconfig; path = "Pods/Target Support Files/Pods/Pods.debug.xcconfig"; sourceTree = "<group>"; };
		582C78AF66730EE088B1E24D /* Pods.release.xcconfig */ = {isa = PBXFileReference; includeInIndex = 1; lastKnownFileType = text.xcconfig; name = Pods.release.xcconfig; path = "Pods/Target Support Files/Pods/Pods.release.xcconfig"; sourceTree = "<group>"; };
/* End PBXFileReference section */

/* Begin PBXFrameworksBuildPhase section */
		0834EE171BDE138400A5D413 /* Frameworks */ = {
			isa = PBXFrameworksBuildPhase;
			buildActionMask = 2147483647;
			files = (
				75F315D118E2BD65C55AE2E3 /* Pods.framework in Frameworks */,
			);
			runOnlyForDeploymentPostprocessing = 0;
		};
		0834EE2B1BDE138400A5D413 /* Frameworks */ = {
			isa = PBXFrameworksBuildPhase;
			buildActionMask = 2147483647;
			files = (
			);
			runOnlyForDeploymentPostprocessing = 0;
		};
/* End PBXFrameworksBuildPhase section */

/* Begin PBXGroup section */
		083400631BE3783D007F096D /* Storage */ = {
			isa = PBXGroup;
			children = (
				083400641BE3785C007F096D /* PhotosCoreData.xcdatamodeld */,
				08463C301BE3CC5C006A9DEF /* DataController.swift */,
				0834006A1BE37C93007F096D /* PhotoMO.swift */,
				083400691BE37C93007F096D /* PhotoMO+CoreDataProperties.swift */,
				083400681BE37C93007F096D /* ThumbnailMO.swift */,
				083400671BE37C93007F096D /* ThumbnailMO+CoreDataProperties.swift */,
			);
			name = Storage;
			sourceTree = "<group>";
		};
		0834EE111BDE138400A5D413 = {
			isa = PBXGroup;
			children = (
				0834EE1C1BDE138400A5D413 /* Portfolio */,
				0834EE311BDE138400A5D413 /* PortfolioTests */,
				0834EE1B1BDE138400A5D413 /* Products */,
				B9EA2273859BDAA312CCD3F1 /* Pods */,
				B9945130F8BADC497CDC4826 /* Frameworks */,
			);
			sourceTree = "<group>";
		};
		0834EE1B1BDE138400A5D413 /* Products */ = {
			isa = PBXGroup;
			children = (
				0834EE1A1BDE138400A5D413 /* just Radovan.app */,
				0834EE2E1BDE138400A5D413 /* just Radovan.xctest */,
			);
			name = Products;
			sourceTree = "<group>";
		};
		0834EE1C1BDE138400A5D413 /* Portfolio */ = {
			isa = PBXGroup;
			children = (
				08E3CC471BE23F5F00BF0B54 /* UI */,
				08B724D31BDF64CD00654E04 /* Configuration */,
				08AC6ED01BDE18FA00DBEBEC /* Model */,
				083400631BE3783D007F096D /* Storage */,
				08B724D01BDF5DE100654E04 /* Network */,
				0834EE1D1BDE138400A5D413 /* AppDelegate.swift */,
				0834EE211BDE138400A5D413 /* Main.storyboard */,
				0834EE241BDE138400A5D413 /* Assets.xcassets */,
				0834EE261BDE138400A5D413 /* LaunchScreen.storyboard */,
				0834EE291BDE138400A5D413 /* Info.plist */,
			);
			path = Portfolio;
			sourceTree = "<group>";
		};
		0834EE311BDE138400A5D413 /* PortfolioTests */ = {
			isa = PBXGroup;
			children = (
				0834EE321BDE138400A5D413 /* PortfolioTests.swift */,
				0834EE341BDE138400A5D413 /* Info.plist */,
			);
			path = PortfolioTests;
			sourceTree = "<group>";
		};
		08AC6ED01BDE18FA00DBEBEC /* Model */ = {
			isa = PBXGroup;
			children = (
				08AC6ED11BDE191300DBEBEC /* PhotoModel.swift */,
				08AC6ED31BDE1C5500DBEBEC /* ThumbnailModel.swift */,
				088EDCEA1BE7EACD006311D3 /* ThumbnailSizeEnum.swift */,
				08608FAA1BF4C98F0032CE0C /* UserDefaultsEnum.swift */,
			);
			name = Model;
			sourceTree = "<group>";
		};
		08B724D01BDF5DE100654E04 /* Network */ = {
			isa = PBXGroup;
			children = (
				08B724D11BDF5E1000654E04 /* PhotoDownloader.swift */,
			);
			name = Network;
			sourceTree = "<group>";
		};
		08B724D31BDF64CD00654E04 /* Configuration */ = {
			isa = PBXGroup;
			children = (
				08B724D41BDF64E000654E04 /* Config.swift */,
				08B724D81BDF6ADF00654E04 /* Config.swift.txt */,
			);
			name = Configuration;
			sourceTree = "<group>";
		};
		08E3CC471BE23F5F00BF0B54 /* UI */ = {
			isa = PBXGroup;
			children = (
				089C159E1BF3AA3A00A7B1CD /* PortfolioPageViewController.swift */,
				08E3CC4A1BE241ED00BF0B54 /* PhotoTableViewController.swift */,
				08E3CC481BE23F8A00BF0B54 /* PhotoTableViewCell.swift */,
				087AD0501BF3E06E00F67B29 /* MapViewController.swift */,
				08B7C7471BE65D7E003E0D58 /* PhotoDetailViewController.swift */,
				0834EE1F1BDE138400A5D413 /* ViewController.swift */,
			);
			name = UI;
			sourceTree = "<group>";
		};
		B9945130F8BADC497CDC4826 /* Frameworks */ = {
			isa = PBXGroup;
			children = (
				0CAAAE33C57B38F9193831BA /* Pods.framework */,
			);
			name = Frameworks;
			sourceTree = "<group>";
		};
		B9EA2273859BDAA312CCD3F1 /* Pods */ = {
			isa = PBXGroup;
			children = (
				33FD8B1408B7F3A071465777 /* Pods.debug.xcconfig */,
				582C78AF66730EE088B1E24D /* Pods.release.xcconfig */,
			);
			name = Pods;
			sourceTree = "<group>";
		};
/* End PBXGroup section */

/* Begin PBXNativeTarget section */
		0834EE191BDE138400A5D413 /* just Radovan */ = {
			isa = PBXNativeTarget;
			buildConfigurationList = 0834EE371BDE138400A5D413 /* Build configuration list for PBXNativeTarget "just Radovan" */;
			buildPhases = (
				898072C42BA48B6AF483AC3F /* Check Pods Manifest.lock */,
				0834EE161BDE138400A5D413 /* Sources */,
				0834EE171BDE138400A5D413 /* Frameworks */,
				0834EE181BDE138400A5D413 /* Resources */,
				5E4CF540913EFC73BEA1828F /* Embed Pods Frameworks */,
				03A7B746A70F8A4D019E9EF3 /* Copy Pods Resources */,
			);
			buildRules = (
			);
			dependencies = (
			);
			name = "just Radovan";
			productName = Portfolio;
			productReference = 0834EE1A1BDE138400A5D413 /* just Radovan.app */;
			productType = "com.apple.product-type.application";
		};
		0834EE2D1BDE138400A5D413 /* just RadovanTests */ = {
			isa = PBXNativeTarget;
			buildConfigurationList = 0834EE3A1BDE138400A5D413 /* Build configuration list for PBXNativeTarget "just RadovanTests" */;
			buildPhases = (
				0834EE2A1BDE138400A5D413 /* Sources */,
				0834EE2B1BDE138400A5D413 /* Frameworks */,
				0834EE2C1BDE138400A5D413 /* Resources */,
			);
			buildRules = (
			);
			dependencies = (
				0834EE301BDE138400A5D413 /* PBXTargetDependency */,
			);
			name = "just RadovanTests";
			productName = PortfolioTests;
			productReference = 0834EE2E1BDE138400A5D413 /* just Radovan.xctest */;
			productType = "com.apple.product-type.bundle.unit-test";
		};
/* End PBXNativeTarget section */

/* Begin PBXProject section */
		0834EE121BDE138400A5D413 /* Project object */ = {
			isa = PBXProject;
			attributes = {
				LastSwiftUpdateCheck = 0710;
				LastUpgradeCheck = 0710;
				ORGANIZATIONNAME = "just Radovan";
				TargetAttributes = {
					0834EE191BDE138400A5D413 = {
						CreatedOnToolsVersion = 7.1;
						DevelopmentTeam = 4W495F46Z6;
					};
					0834EE2D1BDE138400A5D413 = {
						CreatedOnToolsVersion = 7.1;
						TestTargetID = 0834EE191BDE138400A5D413;
					};
				};
			};
			buildConfigurationList = 0834EE151BDE138400A5D413 /* Build configuration list for PBXProject "just Radovan" */;
			compatibilityVersion = "Xcode 3.2";
			developmentRegion = English;
			hasScannedForEncodings = 0;
			knownRegions = (
				en,
				Base,
			);
			mainGroup = 0834EE111BDE138400A5D413;
			productRefGroup = 0834EE1B1BDE138400A5D413 /* Products */;
			projectDirPath = "";
			projectRoot = "";
			targets = (
				0834EE191BDE138400A5D413 /* just Radovan */,
				0834EE2D1BDE138400A5D413 /* just RadovanTests */,
			);
		};
/* End PBXProject section */

/* Begin PBXResourcesBuildPhase section */
		0834EE181BDE138400A5D413 /* Resources */ = {
			isa = PBXResourcesBuildPhase;
			buildActionMask = 2147483647;
			files = (
				0834EE281BDE138400A5D413 /* LaunchScreen.storyboard in Resources */,
				0834EE251BDE138400A5D413 /* Assets.xcassets in Resources */,
				0834EE231BDE138400A5D413 /* Main.storyboard in Resources */,
				08B724D91BDF6ADF00654E04 /* Config.swift.txt in Resources */,
			);
			runOnlyForDeploymentPostprocessing = 0;
		};
		0834EE2C1BDE138400A5D413 /* Resources */ = {
			isa = PBXResourcesBuildPhase;
			buildActionMask = 2147483647;
			files = (
			);
			runOnlyForDeploymentPostprocessing = 0;
		};
/* End PBXResourcesBuildPhase section */

/* Begin PBXShellScriptBuildPhase section */
		03A7B746A70F8A4D019E9EF3 /* Copy Pods Resources */ = {
			isa = PBXShellScriptBuildPhase;
			buildActionMask = 2147483647;
			files = (
			);
			inputPaths = (
			);
			name = "Copy Pods Resources";
			outputPaths = (
			);
			runOnlyForDeploymentPostprocessing = 0;
			shellPath = /bin/sh;
			shellScript = "\"${SRCROOT}/Pods/Target Support Files/Pods/Pods-resources.sh\"\n";
			showEnvVarsInLog = 0;
		};
		5E4CF540913EFC73BEA1828F /* Embed Pods Frameworks */ = {
			isa = PBXShellScriptBuildPhase;
			buildActionMask = 2147483647;
			files = (
			);
			inputPaths = (
			);
			name = "Embed Pods Frameworks";
			outputPaths = (
			);
			runOnlyForDeploymentPostprocessing = 0;
			shellPath = /bin/sh;
			shellScript = "\"${SRCROOT}/Pods/Target Support Files/Pods/Pods-frameworks.sh\"\n";
			showEnvVarsInLog = 0;
		};
		898072C42BA48B6AF483AC3F /* Check Pods Manifest.lock */ = {
			isa = PBXShellScriptBuildPhase;
			buildActionMask = 2147483647;
			files = (
			);
			inputPaths = (
			);
			name = "Check Pods Manifest.lock";
			outputPaths = (
			);
			runOnlyForDeploymentPostprocessing = 0;
			shellPath = /bin/sh;
			shellScript = "diff \"${PODS_ROOT}/../Podfile.lock\" \"${PODS_ROOT}/Manifest.lock\" > /dev/null\nif [[ $? != 0 ]] ; then\n    cat << EOM\nerror: The sandbox is not in sync with the Podfile.lock. Run 'pod install' or update your CocoaPods installation.\nEOM\n    exit 1\nfi\n";
			showEnvVarsInLog = 0;
		};
/* End PBXShellScriptBuildPhase section */

/* Begin PBXSourcesBuildPhase section */
		0834EE161BDE138400A5D413 /* Sources */ = {
			isa = PBXSourcesBuildPhase;
			buildActionMask = 2147483647;
			files = (
				08E3CC491BE23F8A00BF0B54 /* PhotoTableViewCell.swift in Sources */,
				08AC6ED41BDE1C5500DBEBEC /* ThumbnailModel.swift in Sources */,
				0834006D1BE37C93007F096D /* PhotoMO+CoreDataProperties.swift in Sources */,
				08B7C7481BE65D7E003E0D58 /* PhotoDetailViewController.swift in Sources */,
				0834006B1BE37C93007F096D /* ThumbnailMO+CoreDataProperties.swift in Sources */,
				08E3CC4B1BE241ED00BF0B54 /* PhotoTableViewController.swift in Sources */,
				08608FAB1BF4C98F0032CE0C /* UserDefaultsEnum.swift in Sources */,
				088EDCEB1BE7EACD006311D3 /* ThumbnailSizeEnum.swift in Sources */,
				08AC6ED21BDE191300DBEBEC /* PhotoModel.swift in Sources */,
				083400661BE3785C007F096D /* PhotosCoreData.xcdatamodeld in Sources */,
				08463C311BE3CC5C006A9DEF /* DataController.swift in Sources */,
				0834006E1BE37C93007F096D /* PhotoMO.swift in Sources */,
				08B724D21BDF5E1000654E04 /* PhotoDownloader.swift in Sources */,
				089C159F1BF3AA3A00A7B1CD /* PortfolioPageViewController.swift in Sources */,
				087AD0511BF3E06E00F67B29 /* MapViewController.swift in Sources */,
				08B724D51BDF64E000654E04 /* Config.swift in Sources */,
				0834006C1BE37C93007F096D /* ThumbnailMO.swift in Sources */,
				0834EE201BDE138400A5D413 /* ViewController.swift in Sources */,
				0834EE1E1BDE138400A5D413 /* AppDelegate.swift in Sources */,
			);
			runOnlyForDeploymentPostprocessing = 0;
		};
		0834EE2A1BDE138400A5D413 /* Sources */ = {
			isa = PBXSourcesBuildPhase;
			buildActionMask = 2147483647;
			files = (
				0834EE331BDE138400A5D413 /* PortfolioTests.swift in Sources */,
			);
			runOnlyForDeploymentPostprocessing = 0;
		};
/* End PBXSourcesBuildPhase section */

/* Begin PBXTargetDependency section */
		0834EE301BDE138400A5D413 /* PBXTargetDependency */ = {
			isa = PBXTargetDependency;
			target = 0834EE191BDE138400A5D413 /* just Radovan */;
			targetProxy = 0834EE2F1BDE138400A5D413 /* PBXContainerItemProxy */;
		};
/* End PBXTargetDependency section */

/* Begin PBXVariantGroup section */
		0834EE211BDE138400A5D413 /* Main.storyboard */ = {
			isa = PBXVariantGroup;
			children = (
				0834EE221BDE138400A5D413 /* Base */,
			);
			name = Main.storyboard;
			sourceTree = "<group>";
		};
		0834EE261BDE138400A5D413 /* LaunchScreen.storyboard */ = {
			isa = PBXVariantGroup;
			children = (
				0834EE271BDE138400A5D413 /* Base */,
			);
			name = LaunchScreen.storyboard;
			sourceTree = "<group>";
		};
/* End PBXVariantGroup section */

/* Begin XCBuildConfiguration section */
		0834EE351BDE138400A5D413 /* Debug */ = {
			isa = XCBuildConfiguration;
			buildSettings = {
				ALWAYS_SEARCH_USER_PATHS = NO;
				CLANG_CXX_LANGUAGE_STANDARD = "gnu++0x";
				CLANG_CXX_LIBRARY = "libc++";
				CLANG_ENABLE_MODULES = YES;
				CLANG_ENABLE_OBJC_ARC = YES;
				CLANG_WARN_BOOL_CONVERSION = YES;
				CLANG_WARN_CONSTANT_CONVERSION = YES;
				CLANG_WARN_DIRECT_OBJC_ISA_USAGE = YES_ERROR;
				CLANG_WARN_EMPTY_BODY = YES;
				CLANG_WARN_ENUM_CONVERSION = YES;
				CLANG_WARN_INT_CONVERSION = YES;
				CLANG_WARN_OBJC_ROOT_CLASS = YES_ERROR;
				CLANG_WARN_UNREACHABLE_CODE = YES;
				CLANG_WARN__DUPLICATE_METHOD_MATCH = YES;
				"CODE_SIGN_IDENTITY[sdk=iphoneos*]" = "iPhone Developer";
				COPY_PHASE_STRIP = NO;
				DEBUG_INFORMATION_FORMAT = dwarf;
				ENABLE_STRICT_OBJC_MSGSEND = YES;
				ENABLE_TESTABILITY = YES;
				GCC_C_LANGUAGE_STANDARD = gnu99;
				GCC_DYNAMIC_NO_PIC = NO;
				GCC_NO_COMMON_BLOCKS = YES;
				GCC_OPTIMIZATION_LEVEL = 0;
				GCC_PREPROCESSOR_DEFINITIONS = (
					"DEBUG=1",
					"$(inherited)",
				);
				GCC_WARN_64_TO_32_BIT_CONVERSION = YES;
				GCC_WARN_ABOUT_RETURN_TYPE = YES_ERROR;
				GCC_WARN_UNDECLARED_SELECTOR = YES;
				GCC_WARN_UNINITIALIZED_AUTOS = YES_AGGRESSIVE;
				GCC_WARN_UNUSED_FUNCTION = YES;
				GCC_WARN_UNUSED_VARIABLE = YES;
				IPHONEOS_DEPLOYMENT_TARGET = 9.1;
				MTL_ENABLE_DEBUG_INFO = YES;
				ONLY_ACTIVE_ARCH = YES;
				SDKROOT = iphoneos;
				SWIFT_OPTIMIZATION_LEVEL = "-Onone";
			};
			name = Debug;
		};
		0834EE361BDE138400A5D413 /* Release */ = {
			isa = XCBuildConfiguration;
			buildSettings = {
				ALWAYS_SEARCH_USER_PATHS = NO;
				CLANG_CXX_LANGUAGE_STANDARD = "gnu++0x";
				CLANG_CXX_LIBRARY = "libc++";
				CLANG_ENABLE_MODULES = YES;
				CLANG_ENABLE_OBJC_ARC = YES;
				CLANG_WARN_BOOL_CONVERSION = YES;
				CLANG_WARN_CONSTANT_CONVERSION = YES;
				CLANG_WARN_DIRECT_OBJC_ISA_USAGE = YES_ERROR;
				CLANG_WARN_EMPTY_BODY = YES;
				CLANG_WARN_ENUM_CONVERSION = YES;
				CLANG_WARN_INT_CONVERSION = YES;
				CLANG_WARN_OBJC_ROOT_CLASS = YES_ERROR;
				CLANG_WARN_UNREACHABLE_CODE = YES;
				CLANG_WARN__DUPLICATE_METHOD_MATCH = YES;
				"CODE_SIGN_IDENTITY[sdk=iphoneos*]" = "iPhone Developer";
				COPY_PHASE_STRIP = NO;
				DEBUG_INFORMATION_FORMAT = "dwarf-with-dsym";
				ENABLE_NS_ASSERTIONS = NO;
				ENABLE_STRICT_OBJC_MSGSEND = YES;
				GCC_C_LANGUAGE_STANDARD = gnu99;
				GCC_NO_COMMON_BLOCKS = YES;
				GCC_WARN_64_TO_32_BIT_CONVERSION = YES;
				GCC_WARN_ABOUT_RETURN_TYPE = YES_ERROR;
				GCC_WARN_UNDECLARED_SELECTOR = YES;
				GCC_WARN_UNINITIALIZED_AUTOS = YES_AGGRESSIVE;
				GCC_WARN_UNUSED_FUNCTION = YES;
				GCC_WARN_UNUSED_VARIABLE = YES;
				IPHONEOS_DEPLOYMENT_TARGET = 9.1;
				MTL_ENABLE_DEBUG_INFO = NO;
				SDKROOT = iphoneos;
				VALIDATE_PRODUCT = YES;
			};
			name = Release;
		};
		0834EE381BDE138400A5D413 /* Debug */ = {
			isa = XCBuildConfiguration;
			baseConfigurationReference = 33FD8B1408B7F3A071465777 /* Pods.debug.xcconfig */;
			buildSettings = {
				ASSETCATALOG_COMPILER_APPICON_NAME = AppIcon;
				CODE_SIGN_IDENTITY = "iPhone Developer";
				"CODE_SIGN_IDENTITY[sdk=iphoneos*]" = "iPhone Developer";
				INFOPLIST_FILE = Portfolio/Info.plist;
				LD_RUNPATH_SEARCH_PATHS = "$(inherited) @executable_path/Frameworks";
				PRODUCT_BUNDLE_IDENTIFIER = be.radovan.Portfolio;
				PRODUCT_NAME = "just Radovan";
				PROVISIONING_PROFILE = "";
			};
			name = Debug;
		};
		0834EE391BDE138400A5D413 /* Release */ = {
			isa = XCBuildConfiguration;
			baseConfigurationReference = 582C78AF66730EE088B1E24D /* Pods.release.xcconfig */;
			buildSettings = {
				ASSETCATALOG_COMPILER_APPICON_NAME = AppIcon;
				CODE_SIGN_IDENTITY = "iPhone Developer";
				"CODE_SIGN_IDENTITY[sdk=iphoneos*]" = "iPhone Developer";
				INFOPLIST_FILE = Portfolio/Info.plist;
				LD_RUNPATH_SEARCH_PATHS = "$(inherited) @executable_path/Frameworks";
				PRODUCT_BUNDLE_IDENTIFIER = be.radovan.Portfolio;
				PRODUCT_NAME = "just Radovan";
				PROVISIONING_PROFILE = "";
			};
			name = Release;
		};
		0834EE3B1BDE138400A5D413 /* Debug */ = {
			isa = XCBuildConfiguration;
			buildSettings = {
				BUNDLE_LOADER = "$(TEST_HOST)";
				INFOPLIST_FILE = PortfolioTests/Info.plist;
				LD_RUNPATH_SEARCH_PATHS = "$(inherited) @executable_path/Frameworks @loader_path/Frameworks";
				PRODUCT_BUNDLE_IDENTIFIER = be.radovan.PortfolioTests;
				PRODUCT_NAME = "just Radovan";
				TEST_HOST = "$(BUILT_PRODUCTS_DIR)/just Radovan.app/just Radovan";
			};
			name = Debug;
		};
		0834EE3C1BDE138400A5D413 /* Release */ = {
			isa = XCBuildConfiguration;
			buildSettings = {
				BUNDLE_LOADER = "$(TEST_HOST)";
				INFOPLIST_FILE = PortfolioTests/Info.plist;
				LD_RUNPATH_SEARCH_PATHS = "$(inherited) @executable_path/Frameworks @loader_path/Frameworks";
				PRODUCT_BUNDLE_IDENTIFIER = be.radovan.PortfolioTests;
				PRODUCT_NAME = "just Radovan";
				TEST_HOST = "$(BUILT_PRODUCTS_DIR)/just Radovan.app/just Radovan";
			};
			name = Release;
		};
/* End XCBuildConfiguration section */

/* Begin XCConfigurationList section */
		0834EE151BDE138400A5D413 /* Build configuration list for PBXProject "just Radovan" */ = {
			isa = XCConfigurationList;
			buildConfigurations = (
				0834EE351BDE138400A5D413 /* Debug */,
				0834EE361BDE138400A5D413 /* Release */,
			);
			defaultConfigurationIsVisible = 0;
			defaultConfigurationName = Release;
		};
		0834EE371BDE138400A5D413 /* Build configuration list for PBXNativeTarget "just Radovan" */ = {
			isa = XCConfigurationList;
			buildConfigurations = (
				0834EE381BDE138400A5D413 /* Debug */,
				0834EE391BDE138400A5D413 /* Release */,
			);
			defaultConfigurationIsVisible = 0;
			defaultConfigurationName = Release;
		};
		0834EE3A1BDE138400A5D413 /* Build configuration list for PBXNativeTarget "just RadovanTests" */ = {
			isa = XCConfigurationList;
			buildConfigurations = (
				0834EE3B1BDE138400A5D413 /* Debug */,
				0834EE3C1BDE138400A5D413 /* Release */,
			);
			defaultConfigurationIsVisible = 0;
			defaultConfigurationName = Release;
		};
/* End XCConfigurationList section */

/* Begin XCVersionGroup section */
		083400641BE3785C007F096D /* PhotosCoreData.xcdatamodeld */ = {
			isa = XCVersionGroup;
			children = (
				083400651BE3785C007F096D /* PhotosCoreData.xcdatamodel */,
			);
			currentVersion = 083400651BE3785C007F096D /* PhotosCoreData.xcdatamodel */;
			path = PhotosCoreData.xcdatamodeld;
			sourceTree = "<group>";
			versionGroupType = wrapper.xcdatamodel;
		};
/* End XCVersionGroup section */
	};
	rootObject = 0834EE121BDE138400A5D413 /* Project object */;
}
